<?xml version="1.0" encoding="utf-8"?>
<Project ToolsVersion="4.0" xmlns="http://schemas.microsoft.com/developer/msbuild/2003">
  <ItemGroup>
    <ClCompile Include="main.cpp" />
    <ClCompile Include="utils.cpp">
      <Filter>utils</Filter>
    </ClCompile>
    <ClCompile Include="activation-functions.cpp">
      <Filter>activation-functions</Filter>
    </ClCompile>
    <ClCompile Include="lost-function.cpp">
      <Filter>loss-functions</Filter>
    </ClCompile>
    <ClCompile Include="neuron.cpp">
      <Filter>neuron</Filter>
    </ClCompile>
    <ClCompile Include="layer.cpp">
      <Filter>layer</Filter>
    </ClCompile>
    <ClCompile Include="multy-layer-perceptron.cpp">
      <Filter>mlp</Filter>
    </ClCompile>
    <ClCompile Include="mlp-builder.cpp">
      <Filter>mlp</Filter>
    </ClCompile>
  </ItemGroup>
  <ItemGroup>
    <ClInclude Include="utils.h">
      <Filter>utils</Filter>
    </ClInclude>
    <ClInclude Include="basic-includes.h">
      <Filter>utils</Filter>
    </ClInclude>
    <ClInclude Include="activation-functions.h">
      <Filter>activation-functions</Filter>
    </ClInclude>
    <ClInclude Include="lost-function.h">
      <Filter>loss-functions</Filter>
    </ClInclude>
    <ClInclude Include="neuron.h">
      <Filter>neuron</Filter>
    </ClInclude>
    <ClInclude Include="layer.h">
      <Filter>layer</Filter>
    </ClInclude>
    <ClInclude Include="multy-layer-perceptron.h">
      <Filter>mlp</Filter>
    </ClInclude>
    <ClInclude Include="mlp-builder.h">
      <Filter>mlp</Filter>
    </ClInclude>
  </ItemGroup>
  <ItemGroup>
    <Filter Include="utils">
      <UniqueIdentifier>{739f6d52-2288-4a38-b2d2-ca198ad4ad2b}</UniqueIdentifier>
    </Filter>
    <Filter Include="activation-functions">
      <UniqueIdentifier>{fbf2d75c-46fc-412f-85c0-5ffc37d9a472}</UniqueIdentifier>
    </Filter>
    <Filter Include="loss-functions">
      <UniqueIdentifier>{8bade86e-4fe3-4393-88c5-49dc2180e5e0}</UniqueIdentifier>
    </Filter>
    <Filter Include="neuron">
      <UniqueIdentifier>{80af5411-4aa5-41aa-8235-234986c5585f}</UniqueIdentifier>
    </Filter>
    <Filter Include="layer">
      <UniqueIdentifier>{63683a2d-1536-46af-9952-f57f563a3772}</UniqueIdentifier>
    </Filter>
    <Filter Include="mlp">
      <UniqueIdentifier>{3cae292c-7d67-408a-96b1-47450c0edcee}</UniqueIdentifier>
    </Filter>
  </ItemGroup>
</Project>